
Microsoft Visual Studio Solution File, Format Version 12.00
# Visual Studio Version 16
VisualStudioVersion = 16.0.30907.101
MinimumVisualStudioVersion = 10.0.40219.1
Project("{FAE04EC0-301F-11D3-BF4B-00C04F79EFBC}") = "WesserTask", "WesserTask.csproj", "{1B00A81C-52A8-4989-8B01-EC6FD469B0F3}"
EndProject
Global
	GlobalSection(SolutionConfigurationPlatforms) = preSolution
		Debug|Any CPU = Debug|Any CPU
		Release|Any CPU = Release|Any CPU
	EndGlobalSection
	GlobalSection(ProjectConfigurationPlatforms) = postSolution
		{1B00A81C-52A8-4989-8B01-EC6FD469B0F3}.Debug|Any CPU.ActiveCfg = Debug|Any CPU
		{1B00A81C-52A8-4989-8B01-EC6FD469B0F3}.Debug|Any CPU.Build.0 = Debug|Any CPU
		{1B00A81C-52A8-4989-8B01-EC6FD469B0F3}.Release|Any CPU.ActiveCfg = Release|Any CPU
		{1B00A81C-52A8-4989-8B01-EC6FD469B0F3}.Release|Any CPU.Build.0 = Release|Any CPU
	EndGlobalSection
	GlobalSection(SolutionProperties) = preSolution
		HideSolutionNode = FALSE
	EndGlobalSection
	GlobalSection(ExtensibilityGlobals) = postSolution
		SolutionGuid = {EE2CAC40-6447-4836-8FA4-9D31C8EB54E5}
	EndGlobalSection
EndGlobal
